
Microsoft Visual Studio Solution File, Format Version 12.00
# Visual Studio 2013
VisualStudioVersion = 12.0.40629.0
MinimumVisualStudioVersion = 10.0.40219.1
Project("{F2A71F9B-5D33-465A-A702-920D77279786}") = "Api", "Api\Api.fsproj", "{629DD530-1E27-4944-A429-32951ABD4E53}"
EndProject
Project("{F2A71F9B-5D33-465A-A702-920D77279786}") = "DataPreprocess", "DataPreprocess\DataPreprocess.fsproj", "{5F8474C9-028B-463D-905C-FACE83BDD546}"
EndProject
Global
	GlobalSection(SolutionConfigurationPlatforms) = preSolution
		Debug|Any CPU = Debug|Any CPU
		Release|Any CPU = Release|Any CPU
	EndGlobalSection
	GlobalSection(ProjectConfigurationPlatforms) = postSolution
		{629DD530-1E27-4944-A429-32951ABD4E53}.Debug|Any CPU.ActiveCfg = Debug|Any CPU
		{629DD530-1E27-4944-A429-32951ABD4E53}.Debug|Any CPU.Build.0 = Debug|Any CPU
		{629DD530-1E27-4944-A429-32951ABD4E53}.Release|Any CPU.ActiveCfg = Release|Any CPU
		{629DD530-1E27-4944-A429-32951ABD4E53}.Release|Any CPU.Build.0 = Release|Any CPU
		{5F8474C9-028B-463D-905C-FACE83BDD546}.Debug|Any CPU.ActiveCfg = Debug|Any CPU
		{5F8474C9-028B-463D-905C-FACE83BDD546}.Debug|Any CPU.Build.0 = Debug|Any CPU
		{5F8474C9-028B-463D-905C-FACE83BDD546}.Release|Any CPU.ActiveCfg = Release|Any CPU
		{5F8474C9-028B-463D-905C-FACE83BDD546}.Release|Any CPU.Build.0 = Release|Any CPU
	EndGlobalSection
	GlobalSection(SolutionProperties) = preSolution
		HideSolutionNode = FALSE
	EndGlobalSection
EndGlobal
